
Microsoft Visual Studio Solution File, Format Version 12.00
# Visual Studio Version 17
VisualStudioVersion = 17.8.34309.116
MinimumVisualStudioVersion = 10.0.40219.1
Project("{FAE04EC0-301F-11D3-BF4B-00C04F79EFBC}") = "ConnectFour", "ConnectFour\ConnectFour.csproj", "{E01786E0-4A4F-4E4C-B3DC-4BBD0C8B13B9}"
EndProject
Global
	GlobalSection(SolutionConfigurationPlatforms) = preSolution
		Debug|Any CPU = Debug|Any CPU
		Release|Any CPU = Release|Any CPU
	EndGlobalSection
	GlobalSection(ProjectConfigurationPlatforms) = postSolution
		{E01786E0-4A4F-4E4C-B3DC-4BBD0C8B13B9}.Debug|Any CPU.ActiveCfg = Debug|Any CPU
		{E01786E0-4A4F-4E4C-B3DC-4BBD0C8B13B9}.Debug|Any CPU.Build.0 = Debug|Any CPU
		{E01786E0-4A4F-4E4C-B3DC-4BBD0C8B13B9}.Release|Any CPU.ActiveCfg = Release|Any CPU
		{E01786E0-4A4F-4E4C-B3DC-4BBD0C8B13B9}.Release|Any CPU.Build.0 = Release|Any CPU
	EndGlobalSection
	GlobalSection(SolutionProperties) = preSolution
		HideSolutionNode = FALSE
	EndGlobalSection
	GlobalSection(ExtensibilityGlobals) = postSolution
		SolutionGuid = {DB9C5D1F-0439-4EED-96D0-934693E70320}
	EndGlobalSection
EndGlobal
