
Microsoft Visual Studio Solution File, Format Version 12.00
# Visual Studio Version 17
VisualStudioVersion = 17.5.002.0
MinimumVisualStudioVersion = 10.0.40219.1
Project("{9A19103F-16F7-4668-BE54-9A1E7A4F7556}") = "DotNetDependencies", "DotNetDependencies.csproj", "{09A2CFDA-952A-4329-8121-9E6BAB3F01DA}"
EndProject
Global
	GlobalSection(SolutionConfigurationPlatforms) = preSolution
		Debug|Any CPU = Debug|Any CPU
		Release|Any CPU = Release|Any CPU
	EndGlobalSection
	GlobalSection(ProjectConfigurationPlatforms) = postSolution
		{09A2CFDA-952A-4329-8121-9E6BAB3F01DA}.Debug|Any CPU.ActiveCfg = Debug|Any CPU
		{09A2CFDA-952A-4329-8121-9E6BAB3F01DA}.Debug|Any CPU.Build.0 = Debug|Any CPU
		{09A2CFDA-952A-4329-8121-9E6BAB3F01DA}.Release|Any CPU.ActiveCfg = Release|Any CPU
		{09A2CFDA-952A-4329-8121-9E6BAB3F01DA}.Release|Any CPU.Build.0 = Release|Any CPU
	EndGlobalSection
	GlobalSection(SolutionProperties) = preSolution
		HideSolutionNode = FALSE
	EndGlobalSection
	GlobalSection(ExtensibilityGlobals) = postSolution
		SolutionGuid = {C88B222B-615C-4DE2-8D7E-61BB56CEED60}
	EndGlobalSection
EndGlobal
